Microsoft Visual Studio Solution File, Format Version 11.00
# Visual Studio 2008

Project("{507CD63F-C777-FF0E-EA9B-862215EEAC16}") = "ACOA", "Assembly-CSharp.csproj", "{A1ADF82B-85BF-FAC8-AFD6-1976486AE515}"
EndProject
Global
	GlobalSection(SolutionConfigurationPlatforms) = preSolution
		Debug|Any CPU = Debug|Any CPU
		Release|Any CPU = Release|Any CPU
	EndGlobalSection
	GlobalSection(ProjectConfigurationPlatforms) = postSolution
		{A1ADF82B-85BF-FAC8-AFD6-1976486AE515}.Debug|Any CPU.ActiveCfg = Debug|Any CPU
		{A1ADF82B-85BF-FAC8-AFD6-1976486AE515}.Debug|Any CPU.Build.0 = Debug|Any CPU
		{A1ADF82B-85BF-FAC8-AFD6-1976486AE515}.Release|Any CPU.ActiveCfg = Release|Any CPU
		{A1ADF82B-85BF-FAC8-AFD6-1976486AE515}.Release|Any CPU.Build.0 = Release|Any CPU
	EndGlobalSection
	GlobalSection(SolutionProperties) = preSolution
		HideSolutionNode = FALSE
	EndGlobalSection
	GlobalSection(MonoDevelopProperties) = preSolution
		StartupItem = Assembly-CSharp.csproj
	EndGlobalSection
EndGlobal
